{
  "version": 4,
  "terraform_version": "1.4.0",
  "serial": 19,
  "lineage": "2d43e5d2-fe6c-4296-0772-89c7e5ff4e94",
  "outputs": {
    "acr_admin_password": {
      "value": "i7AwWy7H0m9JKHcTQbkcRy8L4Om1W14nLplFJHmwly+ACRBFiV5k",
      "type": "string",
      "sensitive": true
    },
    "acr_login_server": {
      "value": "diptiacr11.azurecr.io",
      "type": "string"
    },
    "function_app_endpoint": {
      "value": "diptifunc.azurewebsites.net",
      "type": "string"
    },
    "function_app_name": {
      "value": "diptifunc",
      "type": "string"
    }
  },
  "resources": [
    {
      "mode": "managed",
      "type": "azurerm_app_service_plan",
      "name": "d_app_plan",
      "provider": "provider[\"registry.terraform.io/hashicorp/azurerm\"]",
      "instances": [
        {
          "schema_version": 0,
          "attributes": {
            "app_service_environment_id": "",
            "id": "/subscriptions/e62323b3-836e-4066-b133-2759a2f1c07b/resourceGroups/dipti-rg1/providers/Microsoft.Web/serverfarms/dipti_app_plan",
            "is_xenon": false,
            "kind": "linux",
            "location": "westeurope",
            "maximum_elastic_worker_count": 1,
            "maximum_number_of_workers": 10,
            "name": "dipti_app_plan",
            "per_site_scaling": false,
            "reserved": true,
            "resource_group_name": "dipti-rg1",
            "sku": [
              {
                "capacity": 1,
                "size": "S1",
                "tier": "Standard"
              }
            ],
            "tags": null,
            "timeouts": null,
            "zone_redundant": false
          },
          "sensitive_attributes": [],
          "private": "eyJlMmJmYjczMC1lY2FhLTExZTYtOGY4OC0zNDM2M2JjN2M0YzAiOnsiY3JlYXRlIjozNjAwMDAwMDAwMDAwLCJkZWxldGUiOjM2MDAwMDAwMDAwMDAsInJlYWQiOjMwMDAwMDAwMDAwMCwidXBkYXRlIjozNjAwMDAwMDAwMDAwfX0=",
          "dependencies": [
            "azurerm_resource_group.d_rg"
          ]
        }
      ]
    },
    {
      "mode": "managed",
      "type": "azurerm_container_registry",
      "name": "d_acr",
      "provider": "provider[\"registry.terraform.io/hashicorp/azurerm\"]",
      "instances": [
        {
          "schema_version": 2,
          "attributes": {
            "admin_enabled": true,
            "admin_password": "i7AwWy7H0m9JKHcTQbkcRy8L4Om1W14nLplFJHmwly+ACRBFiV5k",
            "admin_username": "diptiacr11",
            "anonymous_pull_enabled": false,
            "data_endpoint_enabled": false,
            "encryption": [
              {
                "enabled": false,
                "identity_client_id": "",
                "key_vault_key_id": ""
              }
            ],
            "export_policy_enabled": true,
            "georeplications": [],
            "id": "/subscriptions/e62323b3-836e-4066-b133-2759a2f1c07b/resourceGroups/dipti-rg1/providers/Microsoft.ContainerRegistry/registries/diptiacr11",
            "identity": [],
            "location": "westeurope",
            "login_server": "diptiacr11.azurecr.io",
            "name": "diptiacr11",
            "network_rule_bypass_option": "AzureServices",
            "network_rule_set": [],
            "public_network_access_enabled": true,
            "quarantine_policy_enabled": false,
            "resource_group_name": "dipti-rg1",
            "retention_policy": [
              {
                "days": 7,
                "enabled": false
              }
            ],
            "sku": "Basic",
            "tags": {},
            "timeouts": null,
            "trust_policy": [
              {
                "enabled": false
              }
            ],
            "zone_redundancy_enabled": false
          },
          "sensitive_attributes": [],
          "private": "eyJlMmJmYjczMC1lY2FhLTExZTYtOGY4OC0zNDM2M2JjN2M0YzAiOnsiY3JlYXRlIjoxODAwMDAwMDAwMDAwLCJkZWxldGUiOjE4MDAwMDAwMDAwMDAsInJlYWQiOjMwMDAwMDAwMDAwMCwidXBkYXRlIjoxODAwMDAwMDAwMDAwfSwic2NoZW1hX3ZlcnNpb24iOiIyIn0=",
          "dependencies": [
            "azurerm_resource_group.d_rg"
          ]
        }
      ]
    },
    {
      "mode": "managed",
      "type": "azurerm_function_app",
      "name": "d_func_app",
      "provider": "provider[\"registry.terraform.io/hashicorp/azurerm\"]",
      "instances": [
        {
          "schema_version": 0,
          "attributes": {
            "app_service_plan_id": "/subscriptions/e62323b3-836e-4066-b133-2759a2f1c07b/resourceGroups/dipti-rg1/providers/Microsoft.Web/serverfarms/dipti_app_plan",
            "app_settings": {
              "DOCKER_REGISTRY_SERVER_PASSWORD": "i7AwWy7H0m9JKHcTQbkcRy8L4Om1W14nLplFJHmwly+ACRBFiV5k",
              "DOCKER_REGISTRY_SERVER_URL": "diptiacr11.azurecr.io",
              "DOCKER_REGISTRY_SERVER_USERNAME": "diptiacr11",
              "FUNCTIONS_EXTENSION_VERSION": "~2",
              "FUNCTIONS_WORKER_RUNTIME": "python",
              "FUNCTION_APP_EDIT_MODE": "readOnly",
              "WEBSITES_ENABLE_APP_SERVICE_STORAGE": "false",
              "WEBSITE_CONTENTAZUREFILECONNECTIONSTRING": "DefaultEndpointsProtocol=https;AccountName=diptistorage;AccountKey=Qa98qerJYpnhH42WDHk/36QSyWo7dMmbV4ZcuRTYe+YRFGyfR2lTsFEPQqnnIT7nxRRncj8PnJju+AStJ3R+Bg==;EndpointSuffix=core.windows.net",
              "WEBSITE_CONTENTSHARE": "diptistorage",
              "WEBSITE_RUN_FROM_PACKAGE": "https://diptistorage.blob.core.windows.net/deployments/python-sample-vscode-flask-tutorial-master.zip",
              "https_only": "true"
            },
            "auth_settings": [
              {
                "active_directory": [],
                "additional_login_params": {},
                "allowed_external_redirect_urls": [],
                "default_provider": "",
                "enabled": false,
                "facebook": [],
                "google": [],
                "issuer": "",
                "microsoft": [],
                "runtime_version": "",
                "token_refresh_extension_hours": 0,
                "token_store_enabled": false,
                "twitter": [],
                "unauthenticated_client_action": ""
              }
            ],
            "client_cert_mode": "",
            "connection_string": [],
            "custom_domain_verification_id": "7F1AF9F07B170CD8133C67B2B1422005DA0AE2415FFCE0DDFAB053CCD8FB07E3",
            "daily_memory_time_quota": 0,
            "default_hostname": "diptifunc.azurewebsites.net",
            "enable_builtin_logging": true,
            "enabled": true,
            "https_only": false,
            "id": "/subscriptions/e62323b3-836e-4066-b133-2759a2f1c07b/resourceGroups/dipti-rg1/providers/Microsoft.Web/sites/diptifunc",
            "identity": [],
            "key_vault_reference_identity_id": "SystemAssigned",
            "kind": "functionapp,linux,container",
            "location": "westeurope",
            "name": "diptifunc",
            "os_type": "linux",
            "outbound_ip_addresses": "20.73.234.187,20.73.234.205,20.73.234.236,20.73.233.152,20.73.233.200,20.73.234.239,20.105.232.24",
            "possible_outbound_ip_addresses": "20.73.234.187,20.73.234.205,20.73.234.236,20.73.233.152,20.73.233.200,20.73.234.239,20.73.235.6,20.73.235.136,20.73.235.188,20.73.235.195,20.73.235.200,20.73.235.204,20.73.235.225,20.73.235.234,20.73.236.5,20.73.236.7,20.73.232.157,20.71.74.13,20.73.234.45,20.73.236.33,20.73.236.47,20.73.236.93,20.73.236.116,20.73.236.123,20.105.232.24",
            "resource_group_name": "dipti-rg1",
            "site_config": [
              {
                "always_on": true,
                "app_scale_limit": 0,
                "auto_swap_slot_name": "",
                "cors": [
                  {
                    "allowed_origins": [],
                    "support_credentials": false
                  }
                ],
                "dotnet_framework_version": "v4.0",
                "elastic_instance_minimum": 0,
                "ftps_state": "AllAllowed",
                "health_check_path": "",
                "http2_enabled": false,
                "ip_restriction": [],
                "java_version": "",
                "linux_fx_version": "DOCKER|diptiacr11.azurecr.io/webapps:v1.0.0",
                "min_tls_version": "1.2",
                "pre_warmed_instance_count": 0,
                "runtime_scale_monitoring_enabled": false,
                "scm_ip_restriction": [],
                "scm_type": "None",
                "scm_use_main_ip_restriction": false,
                "use_32_bit_worker_process": true,
                "vnet_route_all_enabled": false,
                "websockets_enabled": false
              }
            ],
            "site_credential": [
              {
                "password": "oE6xacXRLpowvjkisvLlWZB2rmtubx8K3qxRk8WHK73gEpu9bxKAYnx3PKns",
                "username": "$diptifunc"
              }
            ],
            "source_control": [
              {
                "branch": "main",
                "manual_integration": false,
                "repo_url": "",
                "rollback_enabled": false,
                "use_mercurial": false
              }
            ],
            "storage_account_access_key": "Qa98qerJYpnhH42WDHk/36QSyWo7dMmbV4ZcuRTYe+YRFGyfR2lTsFEPQqnnIT7nxRRncj8PnJju+AStJ3R+Bg==",
            "storage_account_name": "diptistorage",
            "tags": null,
            "timeouts": null,
            "version": "~2"
          },
          "sensitive_attributes": [
            [
              {
                "type": "get_attr",
                "value": "storage_account_access_key"
              }
            ],
            [
              {
                "type": "get_attr",
                "value": "app_settings"
              },
              {
                "type": "index",
                "value": {
                  "value": "DOCKER_REGISTRY_SERVER_PASSWORD",
                  "type": "string"
                }
              }
            ],
            [
              {
                "type": "get_attr",
                "value": "app_settings"
              },
              {
                "type": "index",
                "value": {
                  "value": "WEBSITE_CONTENTAZUREFILECONNECTIONSTRING",
                  "type": "string"
                }
              }
            ]
          ],
          "private": "eyJlMmJmYjczMC1lY2FhLTExZTYtOGY4OC0zNDM2M2JjN2M0YzAiOnsiY3JlYXRlIjoxODAwMDAwMDAwMDAwLCJkZWxldGUiOjE4MDAwMDAwMDAwMDAsInJlYWQiOjMwMDAwMDAwMDAwMCwidXBkYXRlIjoxODAwMDAwMDAwMDAwfX0=",
          "dependencies": [
            "azurerm_app_service_plan.d_app_plan",
            "azurerm_container_registry.d_acr",
            "azurerm_resource_group.d_rg",
            "azurerm_storage_account.d_storage"
          ]
        }
      ]
    },
    {
      "mode": "managed",
      "type": "azurerm_resource_group",
      "name": "d_rg",
      "provider": "provider[\"registry.terraform.io/hashicorp/azurerm\"]",
      "instances": [
        {
          "schema_version": 0,
          "attributes": {
            "id": "/subscriptions/e62323b3-836e-4066-b133-2759a2f1c07b/resourceGroups/dipti-rg1",
            "location": "westeurope",
            "name": "dipti-rg1",
            "tags": {},
            "timeouts": null
          },
          "sensitive_attributes": [],
          "private": "eyJlMmJmYjczMC1lY2FhLTExZTYtOGY4OC0zNDM2M2JjN2M0YzAiOnsiY3JlYXRlIjo1NDAwMDAwMDAwMDAwLCJkZWxldGUiOjU0MDAwMDAwMDAwMDAsInJlYWQiOjMwMDAwMDAwMDAwMCwidXBkYXRlIjo1NDAwMDAwMDAwMDAwfX0="
        }
      ]
    },
    {
      "mode": "managed",
      "type": "azurerm_storage_account",
      "name": "d_storage",
      "provider": "provider[\"registry.terraform.io/hashicorp/azurerm\"]",
      "instances": [
        {
          "schema_version": 3,
          "attributes": {
            "access_tier": "Hot",
            "account_kind": "StorageV2",
            "account_replication_type": "LRS",
            "account_tier": "Standard",
            "allow_nested_items_to_be_public": true,
            "allowed_copy_scope": "",
            "azure_files_authentication": [],
            "blob_properties": [
              {
                "change_feed_enabled": false,
                "change_feed_retention_in_days": 0,
                "container_delete_retention_policy": [],
                "cors_rule": [],
                "default_service_version": "",
                "delete_retention_policy": [],
                "last_access_time_enabled": false,
                "restore_policy": [],
                "versioning_enabled": false
              }
            ],
            "cross_tenant_replication_enabled": true,
            "custom_domain": [],
            "customer_managed_key": [],
            "default_to_oauth_authentication": false,
            "edge_zone": "",
            "enable_https_traffic_only": true,
            "id": "/subscriptions/e62323b3-836e-4066-b133-2759a2f1c07b/resourceGroups/dipti-rg1/providers/Microsoft.Storage/storageAccounts/diptistorage",
            "identity": [],
            "immutability_policy": [],
            "infrastructure_encryption_enabled": false,
            "is_hns_enabled": false,
            "large_file_share_enabled": null,
            "location": "westeurope",
            "min_tls_version": "TLS1_2",
            "name": "diptistorage",
            "network_rules": [
              {
                "bypass": [
                  "AzureServices"
                ],
                "default_action": "Allow",
                "ip_rules": [],
                "private_link_access": [],
                "virtual_network_subnet_ids": []
              }
            ],
            "nfsv3_enabled": false,
            "primary_access_key": "Qa98qerJYpnhH42WDHk/36QSyWo7dMmbV4ZcuRTYe+YRFGyfR2lTsFEPQqnnIT7nxRRncj8PnJju+AStJ3R+Bg==",
            "primary_blob_connection_string": "DefaultEndpointsProtocol=https;BlobEndpoint=https://diptistorage.blob.core.windows.net/;AccountName=diptistorage;AccountKey=Qa98qerJYpnhH42WDHk/36QSyWo7dMmbV4ZcuRTYe+YRFGyfR2lTsFEPQqnnIT7nxRRncj8PnJju+AStJ3R+Bg==",
            "primary_blob_endpoint": "https://diptistorage.blob.core.windows.net/",
            "primary_blob_host": "diptistorage.blob.core.windows.net",
            "primary_connection_string": "DefaultEndpointsProtocol=https;AccountName=diptistorage;AccountKey=Qa98qerJYpnhH42WDHk/36QSyWo7dMmbV4ZcuRTYe+YRFGyfR2lTsFEPQqnnIT7nxRRncj8PnJju+AStJ3R+Bg==;EndpointSuffix=core.windows.net",
            "primary_dfs_endpoint": "https://diptistorage.dfs.core.windows.net/",
            "primary_dfs_host": "diptistorage.dfs.core.windows.net",
            "primary_file_endpoint": "https://diptistorage.file.core.windows.net/",
            "primary_file_host": "diptistorage.file.core.windows.net",
            "primary_location": "westeurope",
            "primary_queue_endpoint": "https://diptistorage.queue.core.windows.net/",
            "primary_queue_host": "diptistorage.queue.core.windows.net",
            "primary_table_endpoint": "https://diptistorage.table.core.windows.net/",
            "primary_table_host": "diptistorage.table.core.windows.net",
            "primary_web_endpoint": "https://diptistorage.z6.web.core.windows.net/",
            "primary_web_host": "diptistorage.z6.web.core.windows.net",
            "public_network_access_enabled": true,
            "queue_encryption_key_type": "Service",
            "queue_properties": [
              {
                "cors_rule": [],
                "hour_metrics": [
                  {
                    "enabled": true,
                    "include_apis": true,
                    "retention_policy_days": 7,
                    "version": "1.0"
                  }
                ],
                "logging": [
                  {
                    "delete": false,
                    "read": false,
                    "retention_policy_days": 0,
                    "version": "1.0",
                    "write": false
                  }
                ],
                "minute_metrics": [
                  {
                    "enabled": false,
                    "include_apis": false,
                    "retention_policy_days": 0,
                    "version": "1.0"
                  }
                ]
              }
            ],
            "resource_group_name": "dipti-rg1",
            "routing": [],
            "sas_policy": [],
            "secondary_access_key": "rAcq3sUe+39HSgRKhVobptB5W7FBMo+QZFtjSBYxI9Cdv3AkTvbj5CRZQMabIEa3jq+kf+NVwd19+AStuZ33ow==",
            "secondary_blob_connection_string": "",
            "secondary_blob_endpoint": null,
            "secondary_blob_host": null,
            "secondary_connection_string": "DefaultEndpointsProtocol=https;AccountName=diptistorage;AccountKey=rAcq3sUe+39HSgRKhVobptB5W7FBMo+QZFtjSBYxI9Cdv3AkTvbj5CRZQMabIEa3jq+kf+NVwd19+AStuZ33ow==;EndpointSuffix=core.windows.net",
            "secondary_dfs_endpoint": null,
            "secondary_dfs_host": null,
            "secondary_file_endpoint": null,
            "secondary_file_host": null,
            "secondary_location": "",
            "secondary_queue_endpoint": null,
            "secondary_queue_host": null,
            "secondary_table_endpoint": null,
            "secondary_table_host": null,
            "secondary_web_endpoint": null,
            "secondary_web_host": null,
            "sftp_enabled": false,
            "share_properties": [
              {
                "cors_rule": [],
                "retention_policy": [
                  {
                    "days": 7
                  }
                ],
                "smb": []
              }
            ],
            "shared_access_key_enabled": true,
            "static_website": [],
            "table_encryption_key_type": "Service",
            "tags": {},
            "timeouts": null
          },
          "sensitive_attributes": [],
          "private": "eyJlMmJmYjczMC1lY2FhLTExZTYtOGY4OC0zNDM2M2JjN2M0YzAiOnsiY3JlYXRlIjozNjAwMDAwMDAwMDAwLCJkZWxldGUiOjM2MDAwMDAwMDAwMDAsInJlYWQiOjMwMDAwMDAwMDAwMCwidXBkYXRlIjozNjAwMDAwMDAwMDAwfSwic2NoZW1hX3ZlcnNpb24iOiIzIn0=",
          "dependencies": [
            "azurerm_resource_group.d_rg"
          ]
        }
      ]
    }
  ],
  "check_results": null
}
